// !$*UTF8*$!
{
	archiveVersion = 1;
	classes = {
	};
	objectVersion = 56;
	objects = {

/* Begin PBXBuildFile section */
		A5AB49422BB4395A00B5160C /* HeadwayNibblePlayerTestApp.swift in Sources */ = {isa = PBXBuildFile; fileRef = A5AB49412BB4395A00B5160C /* HeadwayNibblePlayerTestApp.swift */; };
		A5AB49462BB4395C00B5160C /* Assets.xcassets in Resources */ = {isa = PBXBuildFile; fileRef = A5AB49452BB4395C00B5160C /* Assets.xcassets */; };
		A5AB49492BB4395C00B5160C /* Preview Assets.xcassets in Resources */ = {isa = PBXBuildFile; fileRef = A5AB49482BB4395C00B5160C /* Preview Assets.xcassets */; };
		A5AB49532BB4395C00B5160C /* HeadwayNibblePlayerTestTests.swift in Sources */ = {isa = PBXBuildFile; fileRef = A5AB49522BB4395C00B5160C /* HeadwayNibblePlayerTestTests.swift */; };
		A5AB496D2BB439CE00B5160C /* ComposableArchitecture in Frameworks */ = {isa = PBXBuildFile; productRef = A5AB496C2BB439CE00B5160C /* ComposableArchitecture */; };
		A5AB49702BB43BF900B5160C /* AudioPlayerManager.swift in Sources */ = {isa = PBXBuildFile; fileRef = A5AB496F2BB43BF900B5160C /* AudioPlayerManager.swift */; };
		A5AB49772BB43C1500B5160C /* AudioPlayerFeature.swift in Sources */ = {isa = PBXBuildFile; fileRef = A5AB49732BB43C1500B5160C /* AudioPlayerFeature.swift */; };
		A5AB49782BB43C1500B5160C /* ListeningModeToggleStyle.swift in Sources */ = {isa = PBXBuildFile; fileRef = A5AB49752BB43C1500B5160C /* ListeningModeToggleStyle.swift */; };
		A5AB49792BB43C1500B5160C /* AudioPlayerView.swift in Sources */ = {isa = PBXBuildFile; fileRef = A5AB49762BB43C1500B5160C /* AudioPlayerView.swift */; };
		A5AB49802BB43C4E00B5160C /* Double+Extension.swift in Sources */ = {isa = PBXBuildFile; fileRef = A5AB497B2BB43C4D00B5160C /* Double+Extension.swift */; };
		A5AB49812BB43C4E00B5160C /* audioName1.mp3 in Resources */ = {isa = PBXBuildFile; fileRef = A5AB497D2BB43C4E00B5160C /* audioName1.mp3 */; };
		A5AB49822BB43C4E00B5160C /* audioName2.mp3 in Resources */ = {isa = PBXBuildFile; fileRef = A5AB497E2BB43C4E00B5160C /* audioName2.mp3 */; };
		A5AB49832BB43C4E00B5160C /* BookModel.swift in Sources */ = {isa = PBXBuildFile; fileRef = A5AB497F2BB43C4E00B5160C /* BookModel.swift */; };
		A5AB49872BB43F8100B5160C /* Helpers.swift in Sources */ = {isa = PBXBuildFile; fileRef = A5AB49862BB43F8100B5160C /* Helpers.swift */; };
/* End PBXBuildFile section */

/* Begin PBXContainerItemProxy section */
		A5AB494F2BB4395C00B5160C /* PBXContainerItemProxy */ = {
			isa = PBXContainerItemProxy;
			containerPortal = A5AB49362BB4395A00B5160C /* Project object */;
			proxyType = 1;
			remoteGlobalIDString = A5AB493D2BB4395A00B5160C;
			remoteInfo = HeadwayNibblePlayerTest;
		};
/* End PBXContainerItemProxy section */

/* Begin PBXFileReference section */
		A5AB493E2BB4395A00B5160C /* HeadwayNibblePlayerTest.app */ = {isa = PBXFileReference; explicitFileType = wrapper.application; includeInIndex = 0; path = HeadwayNibblePlayerTest.app; sourceTree = BUILT_PRODUCTS_DIR; };
		A5AB49412BB4395A00B5160C /* HeadwayNibblePlayerTestApp.swift */ = {isa = PBXFileReference; lastKnownFileType = sourcecode.swift; path = HeadwayNibblePlayerTestApp.swift; sourceTree = "<group>"; };
		A5AB49452BB4395C00B5160C /* Assets.xcassets */ = {isa = PBXFileReference; lastKnownFileType = folder.assetcatalog; path = Assets.xcassets; sourceTree = "<group>"; };
		A5AB49482BB4395C00B5160C /* Preview Assets.xcassets */ = {isa = PBXFileReference; lastKnownFileType = folder.assetcatalog; path = "Preview Assets.xcassets"; sourceTree = "<group>"; };
		A5AB494E2BB4395C00B5160C /* HeadwayNibblePlayerTestTests.xctest */ = {isa = PBXFileReference; explicitFileType = wrapper.cfbundle; includeInIndex = 0; path = HeadwayNibblePlayerTestTests.xctest; sourceTree = BUILT_PRODUCTS_DIR; };
		A5AB49522BB4395C00B5160C /* HeadwayNibblePlayerTestTests.swift */ = {isa = PBXFileReference; lastKnownFileType = sourcecode.swift; path = HeadwayNibblePlayerTestTests.swift; sourceTree = "<group>"; };
		A5AB496F2BB43BF900B5160C /* AudioPlayerManager.swift */ = {isa = PBXFileReference; fileEncoding = 4; lastKnownFileType = sourcecode.swift; path = AudioPlayerManager.swift; sourceTree = "<group>"; };
		A5AB49732BB43C1500B5160C /* AudioPlayerFeature.swift */ = {isa = PBXFileReference; fileEncoding = 4; lastKnownFileType = sourcecode.swift; path = AudioPlayerFeature.swift; sourceTree = "<group>"; };
		A5AB49752BB43C1500B5160C /* ListeningModeToggleStyle.swift */ = {isa = PBXFileReference; fileEncoding = 4; lastKnownFileType = sourcecode.swift; path = ListeningModeToggleStyle.swift; sourceTree = "<group>"; };
		A5AB49762BB43C1500B5160C /* AudioPlayerView.swift */ = {isa = PBXFileReference; fileEncoding = 4; lastKnownFileType = sourcecode.swift; path = AudioPlayerView.swift; sourceTree = "<group>"; };
		A5AB497B2BB43C4D00B5160C /* Double+Extension.swift */ = {isa = PBXFileReference; fileEncoding = 4; lastKnownFileType = sourcecode.swift; path = "Double+Extension.swift"; sourceTree = "<group>"; };
		A5AB497D2BB43C4E00B5160C /* audioName1.mp3 */ = {isa = PBXFileReference; lastKnownFileType = audio.mp3; path = audioName1.mp3; sourceTree = "<group>"; };
		A5AB497E2BB43C4E00B5160C /* audioName2.mp3 */ = {isa = PBXFileReference; lastKnownFileType = audio.mp3; path = audioName2.mp3; sourceTree = "<group>"; };
		A5AB497F2BB43C4E00B5160C /* BookModel.swift */ = {isa = PBXFileReference; fileEncoding = 4; lastKnownFileType = sourcecode.swift; path = BookModel.swift; sourceTree = "<group>"; };
		A5AB49852BB43D6900B5160C /* Info.plist */ = {isa = PBXFileReference; lastKnownFileType = text.plist; path = Info.plist; sourceTree = "<group>"; };
		A5AB49862BB43F8100B5160C /* Helpers.swift */ = {isa = PBXFileReference; lastKnownFileType = sourcecode.swift; path = Helpers.swift; sourceTree = "<group>"; };
		A5AB49882BB444DE00B5160C /* Debug-HeadwayNibblePlayerTest.xctestplan */ = {isa = PBXFileReference; lastKnownFileType = text; path = "Debug-HeadwayNibblePlayerTest.xctestplan"; sourceTree = "<group>"; };
/* End PBXFileReference section */

/* Begin PBXFrameworksBuildPhase section */
		A5AB493B2BB4395A00B5160C /* Frameworks */ = {
			isa = PBXFrameworksBuildPhase;
			buildActionMask = 2147483647;
			files = (
				A5AB496D2BB439CE00B5160C /* ComposableArchitecture in Frameworks */,
			);
			runOnlyForDeploymentPostprocessing = 0;
		};
		A5AB494B2BB4395C00B5160C /* Frameworks */ = {
			isa = PBXFrameworksBuildPhase;
			buildActionMask = 2147483647;
			files = (
			);
			runOnlyForDeploymentPostprocessing = 0;
		};
/* End PBXFrameworksBuildPhase section */

/* Begin PBXGroup section */
		A5AB49352BB4395A00B5160C = {
			isa = PBXGroup;
			children = (
				A5AB49882BB444DE00B5160C /* Debug-HeadwayNibblePlayerTest.xctestplan */,
				A5AB49402BB4395A00B5160C /* HeadwayNibblePlayerTest */,
				A5AB49512BB4395C00B5160C /* HeadwayNibblePlayerTestTests */,
				A5AB493F2BB4395A00B5160C /* Products */,
			);
			sourceTree = "<group>";
		};
		A5AB493F2BB4395A00B5160C /* Products */ = {
			isa = PBXGroup;
			children = (
				A5AB493E2BB4395A00B5160C /* HeadwayNibblePlayerTest.app */,
				A5AB494E2BB4395C00B5160C /* HeadwayNibblePlayerTestTests.xctest */,
			);
			name = Products;
			sourceTree = "<group>";
		};
		A5AB49402BB4395A00B5160C /* HeadwayNibblePlayerTest */ = {
			isa = PBXGroup;
			children = (
				A5AB49852BB43D6900B5160C /* Info.plist */,
				A5AB49712BB43C1500B5160C /* Views */,
				A5AB496E2BB43BF900B5160C /* Managers */,
				A5AB49842BB43C5400B5160C /* Recources */,
				A5AB49472BB4395C00B5160C /* Preview Content */,
				A5AB49452BB4395C00B5160C /* Assets.xcassets */,
			);
			path = HeadwayNibblePlayerTest;
			sourceTree = "<group>";
		};
		A5AB49472BB4395C00B5160C /* Preview Content */ = {
			isa = PBXGroup;
			children = (
				A5AB49482BB4395C00B5160C /* Preview Assets.xcassets */,
			);
			path = "Preview Content";
			sourceTree = "<group>";
		};
		A5AB49512BB4395C00B5160C /* HeadwayNibblePlayerTestTests */ = {
			isa = PBXGroup;
			children = (
				A5AB49522BB4395C00B5160C /* HeadwayNibblePlayerTestTests.swift */,
			);
			path = HeadwayNibblePlayerTestTests;
			sourceTree = "<group>";
		};
		A5AB496E2BB43BF900B5160C /* Managers */ = {
			isa = PBXGroup;
			children = (
				A5AB496F2BB43BF900B5160C /* AudioPlayerManager.swift */,
			);
			path = Managers;
			sourceTree = "<group>";
		};
		A5AB49712BB43C1500B5160C /* Views */ = {
			isa = PBXGroup;
			children = (
				A5AB49412BB4395A00B5160C /* HeadwayNibblePlayerTestApp.swift */,
				A5AB49722BB43C1500B5160C /* AudioPlayerView */,
			);
			path = Views;
			sourceTree = "<group>";
		};
		A5AB49722BB43C1500B5160C /* AudioPlayerView */ = {
			isa = PBXGroup;
			children = (
				A5AB49742BB43C1500B5160C /* CustomView */,
				A5AB49732BB43C1500B5160C /* AudioPlayerFeature.swift */,
				A5AB49762BB43C1500B5160C /* AudioPlayerView.swift */,
			);
			path = AudioPlayerView;
			sourceTree = "<group>";
		};
		A5AB49742BB43C1500B5160C /* CustomView */ = {
			isa = PBXGroup;
			children = (
				A5AB49752BB43C1500B5160C /* ListeningModeToggleStyle.swift */,
			);
			path = CustomView;
			sourceTree = "<group>";
		};
		A5AB497A2BB43C4D00B5160C /* Extensions */ = {
			isa = PBXGroup;
			children = (
				A5AB497B2BB43C4D00B5160C /* Double+Extension.swift */,
			);
			path = Extensions;
			sourceTree = "<group>";
		};
		A5AB497C2BB43C4E00B5160C /* MockBooksAudioFiles */ = {
			isa = PBXGroup;
			children = (
				A5AB497D2BB43C4E00B5160C /* audioName1.mp3 */,
				A5AB497E2BB43C4E00B5160C /* audioName2.mp3 */,
			);
			path = MockBooksAudioFiles;
			sourceTree = "<group>";
		};
		A5AB49842BB43C5400B5160C /* Recources */ = {
			isa = PBXGroup;
			children = (
				A5AB497C2BB43C4E00B5160C /* MockBooksAudioFiles */,
				A5AB497A2BB43C4D00B5160C /* Extensions */,
				A5AB497F2BB43C4E00B5160C /* BookModel.swift */,
				A5AB49862BB43F8100B5160C /* Helpers.swift */,
			);
			path = Recources;
			sourceTree = "<group>";
		};
/* End PBXGroup section */

/* Begin PBXNativeTarget section */
		A5AB493D2BB4395A00B5160C /* HeadwayNibblePlayerTest */ = {
			isa = PBXNativeTarget;
			buildConfigurationList = A5AB49622BB4395C00B5160C /* Build configuration list for PBXNativeTarget "HeadwayNibblePlayerTest" */;
			buildPhases = (
				A5AB493A2BB4395A00B5160C /* Sources */,
				A5AB493B2BB4395A00B5160C /* Frameworks */,
				A5AB493C2BB4395A00B5160C /* Resources */,
			);
			buildRules = (
			);
			dependencies = (
			);
			name = HeadwayNibblePlayerTest;
			packageProductDependencies = (
				A5AB496C2BB439CE00B5160C /* ComposableArchitecture */,
			);
			productName = HeadwayNibblePlayerTest;
			productReference = A5AB493E2BB4395A00B5160C /* HeadwayNibblePlayerTest.app */;
			productType = "com.apple.product-type.application";
		};
		A5AB494D2BB4395C00B5160C /* HeadwayNibblePlayerTestTests */ = {
			isa = PBXNativeTarget;
			buildConfigurationList = A5AB49652BB4395C00B5160C /* Build configuration list for PBXNativeTarget "HeadwayNibblePlayerTestTests" */;
			buildPhases = (
				A5AB494A2BB4395C00B5160C /* Sources */,
				A5AB494B2BB4395C00B5160C /* Frameworks */,
				A5AB494C2BB4395C00B5160C /* Resources */,
			);
			buildRules = (
			);
			dependencies = (
				A5AB49502BB4395C00B5160C /* PBXTargetDependency */,
			);
			name = HeadwayNibblePlayerTestTests;
			productName = HeadwayNibblePlayerTestTests;
			productReference = A5AB494E2BB4395C00B5160C /* HeadwayNibblePlayerTestTests.xctest */;
			productType = "com.apple.product-type.bundle.unit-test";
		};
/* End PBXNativeTarget section */

/* Begin PBXProject section */
		A5AB49362BB4395A00B5160C /* Project object */ = {
			isa = PBXProject;
			attributes = {
				BuildIndependentTargetsInParallel = 1;
				LastSwiftUpdateCheck = 1520;
				LastUpgradeCheck = 1520;
				TargetAttributes = {
					A5AB493D2BB4395A00B5160C = {
						CreatedOnToolsVersion = 15.2;
					};
					A5AB494D2BB4395C00B5160C = {
						CreatedOnToolsVersion = 15.2;
						TestTargetID = A5AB493D2BB4395A00B5160C;
					};
				};
			};
			buildConfigurationList = A5AB49392BB4395A00B5160C /* Build configuration list for PBXProject "HeadwayNibblePlayerTest" */;
			compatibilityVersion = "Xcode 14.0";
			developmentRegion = en;
			hasScannedForEncodings = 0;
			knownRegions = (
				en,
				Base,
			);
			mainGroup = A5AB49352BB4395A00B5160C;
			packageReferences = (
				A5AB496B2BB439CE00B5160C /* XCRemoteSwiftPackageReference "swift-composable-architecture" */,
			);
			productRefGroup = A5AB493F2BB4395A00B5160C /* Products */;
			projectDirPath = "";
			projectRoot = "";
			targets = (
				A5AB493D2BB4395A00B5160C /* HeadwayNibblePlayerTest */,
				A5AB494D2BB4395C00B5160C /* HeadwayNibblePlayerTestTests */,
			);
		};
/* End PBXProject section */

/* Begin PBXResourcesBuildPhase section */
		A5AB493C2BB4395A00B5160C /* Resources */ = {
			isa = PBXResourcesBuildPhase;
			buildActionMask = 2147483647;
			files = (
				A5AB49492BB4395C00B5160C /* Preview Assets.xcassets in Resources */,
				A5AB49822BB43C4E00B5160C /* audioName2.mp3 in Resources */,
				A5AB49462BB4395C00B5160C /* Assets.xcassets in Resources */,
				A5AB49812BB43C4E00B5160C /* audioName1.mp3 in Resources */,
			);
			runOnlyForDeploymentPostprocessing = 0;
		};
		A5AB494C2BB4395C00B5160C /* Resources */ = {
			isa = PBXResourcesBuildPhase;
			buildActionMask = 2147483647;
			files = (
			);
			runOnlyForDeploymentPostprocessing = 0;
		};
/* End PBXResourcesBuildPhase section */

/* Begin PBXSourcesBuildPhase section */
		A5AB493A2BB4395A00B5160C /* Sources */ = {
			isa = PBXSourcesBuildPhase;
			buildActionMask = 2147483647;
			files = (
				A5AB49422BB4395A00B5160C /* HeadwayNibblePlayerTestApp.swift in Sources */,
				A5AB49702BB43BF900B5160C /* AudioPlayerManager.swift in Sources */,
				A5AB49802BB43C4E00B5160C /* Double+Extension.swift in Sources */,
				A5AB49872BB43F8100B5160C /* Helpers.swift in Sources */,
				A5AB49782BB43C1500B5160C /* ListeningModeToggleStyle.swift in Sources */,
				A5AB49772BB43C1500B5160C /* AudioPlayerFeature.swift in Sources */,
				A5AB49792BB43C1500B5160C /* AudioPlayerView.swift in Sources */,
				A5AB49832BB43C4E00B5160C /* BookModel.swift in Sources */,
			);
			runOnlyForDeploymentPostprocessing = 0;
		};
		A5AB494A2BB4395C00B5160C /* Sources */ = {
			isa = PBXSourcesBuildPhase;
			buildActionMask = 2147483647;
			files = (
				A5AB49532BB4395C00B5160C /* HeadwayNibblePlayerTestTests.swift in Sources */,
			);
			runOnlyForDeploymentPostprocessing = 0;
		};
/* End PBXSourcesBuildPhase section */

/* Begin PBXTargetDependency section */
		A5AB49502BB4395C00B5160C /* PBXTargetDependency */ = {
			isa = PBXTargetDependency;
			target = A5AB493D2BB4395A00B5160C /* HeadwayNibblePlayerTest */;
			targetProxy = A5AB494F2BB4395C00B5160C /* PBXContainerItemProxy */;
		};
/* End PBXTargetDependency section */

/* Begin XCBuildConfiguration section */
		A5AB49602BB4395C00B5160C /* Debug */ = {
			isa = XCBuildConfiguration;
			buildSettings = {
				ALWAYS_SEARCH_USER_PATHS = NO;
				ASSETCATALOG_COMPILER_GENERATE_SWIFT_ASSET_SYMBOL_EXTENSIONS = YES;
				CLANG_ANALYZER_NONNULL = YES;
				CLANG_ANALYZER_NUMBER_OBJECT_CONVERSION = YES_AGGRESSIVE;
				CLANG_CXX_LANGUAGE_STANDARD = "gnu++20";
				CLANG_ENABLE_MODULES = YES;
				CLANG_ENABLE_OBJC_ARC = YES;
				CLANG_ENABLE_OBJC_WEAK = YES;
				CLANG_WARN_BLOCK_CAPTURE_AUTORELEASING = YES;
				CLANG_WARN_BOOL_CONVERSION = YES;
				CLANG_WARN_COMMA = YES;
				CLANG_WARN_CONSTANT_CONVERSION = YES;
				CLANG_WARN_DEPRECATED_OBJC_IMPLEMENTATIONS = YES;
				CLANG_WARN_DIRECT_OBJC_ISA_USAGE = YES_ERROR;
				CLANG_WARN_DOCUMENTATION_COMMENTS = YES;
				CLANG_WARN_EMPTY_BODY = YES;
				CLANG_WARN_ENUM_CONVERSION = YES;
				CLANG_WARN_INFINITE_RECURSION = YES;
				CLANG_WARN_INT_CONVERSION = YES;
				CLANG_WARN_NON_LITERAL_NULL_CONVERSION = YES;
				CLANG_WARN_OBJC_IMPLICIT_RETAIN_SELF = YES;
				CLANG_WARN_OBJC_LITERAL_CONVERSION = YES;
				CLANG_WARN_OBJC_ROOT_CLASS = YES_ERROR;
				CLANG_WARN_QUOTED_INCLUDE_IN_FRAMEWORK_HEADER = YES;
				CLANG_WARN_RANGE_LOOP_ANALYSIS = YES;
				CLANG_WARN_STRICT_PROTOTYPES = YES;
				CLANG_WARN_SUSPICIOUS_MOVE = YES;
				CLANG_WARN_UNGUARDED_AVAILABILITY = YES_AGGRESSIVE;
				CLANG_WARN_UNREACHABLE_CODE = YES;
				CLANG_WARN__DUPLICATE_METHOD_MATCH = YES;
				COPY_PHASE_STRIP = NO;
				DEBUG_INFORMATION_FORMAT = dwarf;
				ENABLE_STRICT_OBJC_MSGSEND = YES;
				ENABLE_TESTABILITY = YES;
				ENABLE_USER_SCRIPT_SANDBOXING = YES;
				GCC_C_LANGUAGE_STANDARD = gnu17;
				GCC_DYNAMIC_NO_PIC = NO;
				GCC_NO_COMMON_BLOCKS = YES;
				GCC_OPTIMIZATION_LEVEL = 0;
				GCC_PREPROCESSOR_DEFINITIONS = (
					"DEBUG=1",
					"$(inherited)",
				);
				GCC_WARN_64_TO_32_BIT_CONVERSION = YES;
				GCC_WARN_ABOUT_RETURN_TYPE = YES_ERROR;
				GCC_WARN_UNDECLARED_SELECTOR = YES;
				GCC_WARN_UNINITIALIZED_AUTOS = YES_AGGRESSIVE;
				GCC_WARN_UNUSED_FUNCTION = YES;
				GCC_WARN_UNUSED_VARIABLE = YES;
				IPHONEOS_DEPLOYMENT_TARGET = 17.2;
				LOCALIZATION_PREFERS_STRING_CATALOGS = YES;
				MTL_ENABLE_DEBUG_INFO = INCLUDE_SOURCE;
				MTL_FAST_MATH = YES;
				ONLY_ACTIVE_ARCH = YES;
				PROD_BUILD = NO;
				SDKROOT = iphoneos;
				SWIFT_ACTIVE_COMPILATION_CONDITIONS = "DEBUG $(inherited)";
				SWIFT_OPTIMIZATION_LEVEL = "-Onone";
			};
			name = Debug;
		};
		A5AB49612BB4395C00B5160C /* Release */ = {
			isa = XCBuildConfiguration;
			buildSettings = {
				ALWAYS_SEARCH_USER_PATHS = NO;
				ASSETCATALOG_COMPILER_GENERATE_SWIFT_ASSET_SYMBOL_EXTENSIONS = YES;
				CLANG_ANALYZER_NONNULL = YES;
				CLANG_ANALYZER_NUMBER_OBJECT_CONVERSION = YES_AGGRESSIVE;
				CLANG_CXX_LANGUAGE_STANDARD = "gnu++20";
				CLANG_ENABLE_MODULES = YES;
				CLANG_ENABLE_OBJC_ARC = YES;
				CLANG_ENABLE_OBJC_WEAK = YES;
				CLANG_WARN_BLOCK_CAPTURE_AUTORELEASING = YES;
				CLANG_WARN_BOOL_CONVERSION = YES;
				CLANG_WARN_COMMA = YES;
				CLANG_WARN_CONSTANT_CONVERSION = YES;
				CLANG_WARN_DEPRECATED_OBJC_IMPLEMENTATIONS = YES;
				CLANG_WARN_DIRECT_OBJC_ISA_USAGE = YES_ERROR;
				CLANG_WARN_DOCUMENTATION_COMMENTS = YES;
				CLANG_WARN_EMPTY_BODY = YES;
				CLANG_WARN_ENUM_CONVERSION = YES;
				CLANG_WARN_INFINITE_RECURSION = YES;
				CLANG_WARN_INT_CONVERSION = YES;
				CLANG_WARN_NON_LITERAL_NULL_CONVERSION = YES;
				CLANG_WARN_OBJC_IMPLICIT_RETAIN_SELF = YES;
				CLANG_WARN_OBJC_LITERAL_CONVERSION = YES;
				CLANG_WARN_OBJC_ROOT_CLASS = YES_ERROR;
				CLANG_WARN_QUOTED_INCLUDE_IN_FRAMEWORK_HEADER = YES;
				CLANG_WARN_RANGE_LOOP_ANALYSIS = YES;
				CLANG_WARN_STRICT_PROTOTYPES = YES;
				CLANG_WARN_SUSPICIOUS_MOVE = YES;
				CLANG_WARN_UNGUARDED_AVAILABILITY = YES_AGGRESSIVE;
				CLANG_WARN_UNREACHABLE_CODE = YES;
				CLANG_WARN__DUPLICATE_METHOD_MATCH = YES;
				COPY_PHASE_STRIP = NO;
				DEBUG_INFORMATION_FORMAT = "dwarf-with-dsym";
				ENABLE_NS_ASSERTIONS = NO;
				ENABLE_STRICT_OBJC_MSGSEND = YES;
				ENABLE_USER_SCRIPT_SANDBOXING = YES;
				GCC_C_LANGUAGE_STANDARD = gnu17;
				GCC_NO_COMMON_BLOCKS = YES;
				GCC_WARN_64_TO_32_BIT_CONVERSION = YES;
				GCC_WARN_ABOUT_RETURN_TYPE = YES_ERROR;
				GCC_WARN_UNDECLARED_SELECTOR = YES;
				GCC_WARN_UNINITIALIZED_AUTOS = YES_AGGRESSIVE;
				GCC_WARN_UNUSED_FUNCTION = YES;
				GCC_WARN_UNUSED_VARIABLE = YES;
				IPHONEOS_DEPLOYMENT_TARGET = 17.2;
				LOCALIZATION_PREFERS_STRING_CATALOGS = YES;
				MTL_ENABLE_DEBUG_INFO = NO;
				MTL_FAST_MATH = YES;
				PROD_BUILD = YES;
				SDKROOT = iphoneos;
				SWIFT_COMPILATION_MODE = wholemodule;
				VALIDATE_PRODUCT = YES;
			};
			name = Release;
		};
		A5AB49632BB4395C00B5160C /* Debug */ = {
			isa = XCBuildConfiguration;
			buildSettings = {
				ASSETCATALOG_COMPILER_APPICON_NAME = AppIcon;
				ASSETCATALOG_COMPILER_GLOBAL_ACCENT_COLOR_NAME = AccentColor;
				CODE_SIGN_STYLE = Automatic;
				CURRENT_PROJECT_VERSION = 1;
				DEVELOPMENT_ASSET_PATHS = "\"HeadwayNibblePlayerTest/Preview Content\"";
				DEVELOPMENT_TEAM = HJ2ZQVYQZ6;
				ENABLE_PREVIEWS = YES;
				GENERATE_INFOPLIST_FILE = YES;
				INFOPLIST_FILE = HeadwayNibblePlayerTest/Info.plist;
				INFOPLIST_KEY_UIApplicationSceneManifest_Generation = YES;
				INFOPLIST_KEY_UIApplicationSupportsIndirectInputEvents = YES;
				INFOPLIST_KEY_UILaunchScreen_Generation = YES;
				INFOPLIST_KEY_UISupportedInterfaceOrientations_iPad = "UIInterfaceOrientationPortrait UIInterfaceOrientationPortraitUpsideDown UIInterfaceOrientationLandscapeLeft UIInterfaceOrientationLandscapeRight";
				INFOPLIST_KEY_UISupportedInterfaceOrientations_iPhone = "UIInterfaceOrientationPortrait UIInterfaceOrientationLandscapeLeft UIInterfaceOrientationLandscapeRight";
				LD_RUNPATH_SEARCH_PATHS = (
					"$(inherited)",
					"@executable_path/Frameworks",
				);
				MARKETING_VERSION = 1.0;
				PRODUCT_BUNDLE_IDENTIFIER = com.demyan.HeadwayNibblePlayerTest;
				PRODUCT_NAME = "$(TARGET_NAME)";
				SWIFT_EMIT_LOC_STRINGS = YES;
				SWIFT_VERSION = 5.0;
				TARGETED_DEVICE_FAMILY = "1,2";
			};
			name = Debug;
		};
		A5AB49642BB4395C00B5160C /* Release */ = {
			isa = XCBuildConfiguration;
			buildSettings = {
				ASSETCATALOG_COMPILER_APPICON_NAME = AppIcon;
				ASSETCATALOG_COMPILER_GLOBAL_ACCENT_COLOR_NAME = AccentColor;
				CODE_SIGN_STYLE = Automatic;
				CURRENT_PROJECT_VERSION = 1;
				DEVELOPMENT_ASSET_PATHS = "\"HeadwayNibblePlayerTest/Preview Content\"";
				DEVELOPMENT_TEAM = HJ2ZQVYQZ6;
				ENABLE_PREVIEWS = YES;
				GENERATE_INFOPLIST_FILE = YES;
				INFOPLIST_FILE = HeadwayNibblePlayerTest/Info.plist;
				INFOPLIST_KEY_UIApplicationSceneManifest_Generation = YES;
				INFOPLIST_KEY_UIApplicationSupportsIndirectInputEvents = YES;
				INFOPLIST_KEY_UILaunchScreen_Generation = YES;
				INFOPLIST_KEY_UISupportedInterfaceOrientations_iPad = "UIInterfaceOrientationPortrait UIInterfaceOrientationPortraitUpsideDown UIInterfaceOrientationLandscapeLeft UIInterfaceOrientationLandscapeRight";
				INFOPLIST_KEY_UISupportedInterfaceOrientations_iPhone = "UIInterfaceOrientationPortrait UIInterfaceOrientationLandscapeLeft UIInterfaceOrientationLandscapeRight";
				LD_RUNPATH_SEARCH_PATHS = (
					"$(inherited)",
					"@executable_path/Frameworks",
				);
				MARKETING_VERSION = 1.0;
				PRODUCT_BUNDLE_IDENTIFIER = com.demyan.HeadwayNibblePlayerTest;
				PRODUCT_NAME = "$(TARGET_NAME)";
				SWIFT_EMIT_LOC_STRINGS = YES;
				SWIFT_VERSION = 5.0;
				TARGETED_DEVICE_FAMILY = "1,2";
			};
			name = Release;
		};
		A5AB49662BB4395C00B5160C /* Debug */ = {
			isa = XCBuildConfiguration;
			buildSettings = {
				ALWAYS_EMBED_SWIFT_STANDARD_LIBRARIES = YES;
				BUNDLE_LOADER = "$(TEST_HOST)";
				CODE_SIGN_STYLE = Automatic;
				CURRENT_PROJECT_VERSION = 1;
				DEVELOPMENT_TEAM = HJ2ZQVYQZ6;
				GENERATE_INFOPLIST_FILE = YES;
				IPHONEOS_DEPLOYMENT_TARGET = 17.2;
				MARKETING_VERSION = 1.0;
				PRODUCT_BUNDLE_IDENTIFIER = com.demyan.HeadwayNibblePlayerTestTests;
				PRODUCT_NAME = "$(TARGET_NAME)";
				SWIFT_EMIT_LOC_STRINGS = NO;
				SWIFT_VERSION = 5.0;
				TARGETED_DEVICE_FAMILY = "1,2";
				TEST_HOST = "$(BUILT_PRODUCTS_DIR)/HeadwayNibblePlayerTest.app/$(BUNDLE_EXECUTABLE_FOLDER_PATH)/HeadwayNibblePlayerTest";
			};
			name = Debug;
		};
		A5AB49672BB4395C00B5160C /* Release */ = {
			isa = XCBuildConfiguration;
			buildSettings = {
				ALWAYS_EMBED_SWIFT_STANDARD_LIBRARIES = YES;
				BUNDLE_LOADER = "$(TEST_HOST)";
				CODE_SIGN_STYLE = Automatic;
				CURRENT_PROJECT_VERSION = 1;
				DEVELOPMENT_TEAM = HJ2ZQVYQZ6;
				GENERATE_INFOPLIST_FILE = YES;
				IPHONEOS_DEPLOYMENT_TARGET = 17.2;
				MARKETING_VERSION = 1.0;
				PRODUCT_BUNDLE_IDENTIFIER = com.demyan.HeadwayNibblePlayerTestTests;
				PRODUCT_NAME = "$(TARGET_NAME)";
				SWIFT_EMIT_LOC_STRINGS = NO;
				SWIFT_VERSION = 5.0;
				TARGETED_DEVICE_FAMILY = "1,2";
				TEST_HOST = "$(BUILT_PRODUCTS_DIR)/HeadwayNibblePlayerTest.app/$(BUNDLE_EXECUTABLE_FOLDER_PATH)/HeadwayNibblePlayerTest";
			};
			name = Release;
		};
/* End XCBuildConfiguration section */

/* Begin XCConfigurationList section */
		A5AB49392BB4395A00B5160C /* Build configuration list for PBXProject "HeadwayNibblePlayerTest" */ = {
			isa = XCConfigurationList;
			buildConfigurations = (
				A5AB49602BB4395C00B5160C /* Debug */,
				A5AB49612BB4395C00B5160C /* Release */,
			);
			defaultConfigurationIsVisible = 0;
			defaultConfigurationName = Debug;
		};
		A5AB49622BB4395C00B5160C /* Build configuration list for PBXNativeTarget "HeadwayNibblePlayerTest" */ = {
			isa = XCConfigurationList;
			buildConfigurations = (
				A5AB49632BB4395C00B5160C /* Debug */,
				A5AB49642BB4395C00B5160C /* Release */,
			);
			defaultConfigurationIsVisible = 0;
			defaultConfigurationName = Debug;
		};
		A5AB49652BB4395C00B5160C /* Build configuration list for PBXNativeTarget "HeadwayNibblePlayerTestTests" */ = {
			isa = XCConfigurationList;
			buildConfigurations = (
				A5AB49662BB4395C00B5160C /* Debug */,
				A5AB49672BB4395C00B5160C /* Release */,
			);
			defaultConfigurationIsVisible = 0;
			defaultConfigurationName = Debug;
		};
/* End XCConfigurationList section */

/* Begin XCRemoteSwiftPackageReference section */
		A5AB496B2BB439CE00B5160C /* XCRemoteSwiftPackageReference "swift-composable-architecture" */ = {
			isa = XCRemoteSwiftPackageReference;
			repositoryURL = "https://github.com/pointfreeco/swift-composable-architecture.git";
			requirement = {
				kind = upToNextMajorVersion;
				minimumVersion = 1.9.2;
			};
		};
/* End XCRemoteSwiftPackageReference section */

/* Begin XCSwiftPackageProductDependency section */
		A5AB496C2BB439CE00B5160C /* ComposableArchitecture */ = {
			isa = XCSwiftPackageProductDependency;
			package = A5AB496B2BB439CE00B5160C /* XCRemoteSwiftPackageReference "swift-composable-architecture" */;
			productName = ComposableArchitecture;
		};
/* End XCSwiftPackageProductDependency section */
	};
	rootObject = A5AB49362BB4395A00B5160C /* Project object */;
}
